
Microsoft Visual Studio Solution File, Format Version 12.00
# Visual Studio Version 17
VisualStudioVersion = 17.14.36221.1
MinimumVisualStudioVersion = 10.0.40219.1
Project("{FAE04EC0-301F-11D3-BF4B-00C04F79EFBC}") = "ConsoleApp", "ConsoleApp\ConsoleApp.csproj", "{DDA99E83-0977-4726-A101-860EE92424B9}"
EndProject
Global
	GlobalSection(SolutionConfigurationPlatforms) = preSolution
		Debug|Any CPU = Debug|Any CPU
		Release|Any CPU = Release|Any CPU
	EndGlobalSection
	GlobalSection(ProjectConfigurationPlatforms) = postSolution
		{DDA99E83-0977-4726-A101-860EE92424B9}.Debug|Any CPU.ActiveCfg = Debug|Any CPU
		{DDA99E83-0977-4726-A101-860EE92424B9}.Debug|Any CPU.Build.0 = Debug|Any CPU
		{DDA99E83-0977-4726-A101-860EE92424B9}.Release|Any CPU.ActiveCfg = Release|Any CPU
		{DDA99E83-0977-4726-A101-860EE92424B9}.Release|Any CPU.Build.0 = Release|Any CPU
	EndGlobalSection
	GlobalSection(SolutionProperties) = preSolution
		HideSolutionNode = FALSE
	EndGlobalSection
	GlobalSection(ExtensibilityGlobals) = postSolution
		SolutionGuid = {83F2B27E-DFCB-464B-8AEC-C66741AB0138}
	EndGlobalSection
EndGlobal
